
Microsoft Visual Studio Solution File, Format Version 12.00
# Visual Studio Version 17
VisualStudioVersion = 17.2.32526.322
MinimumVisualStudioVersion = 15.0.26124.0
Project("{2150E333-8FDC-42A3-9474-1A3956D46DE8}") = "Database", "Database", "{008C381E-C513-4274-B9A3-14925F1AF85A}"
EndProject
Project("{9A19103F-16F7-4668-BE54-9A1E7A4F7556}") = "NPOMS.Repository", "Database\NPOMS.Repository\NPOMS.Repository.csproj", "{782688BC-C30B-4C2F-9C27-19DDCF519AE9}"
EndProject
Project("{2150E333-8FDC-42A3-9474-1A3956D46DE8}") = "Libraries", "Libraries", "{5255AAB2-7988-49EB-86D5-D075C740950D}"
EndProject
Project("{9A19103F-16F7-4668-BE54-9A1E7A4F7556}") = "NPOMS.Domain", "Libraries\NPOMS.Domain\NPOMS.Domain.csproj", "{2C938FF6-CFA4-4E0F-8523-86D28636E41E}"
EndProject
Project("{9A19103F-16F7-4668-BE54-9A1E7A4F7556}") = "NPOMS.Services", "Libraries\NPOMS.Services\NPOMS.Services.csproj", "{79B90FC5-ADDD-401F-9306-684A4116D1E0}"
EndProject
Project("{2150E333-8FDC-42A3-9474-1A3956D46DE8}") = "Presentation", "Presentation", "{976FC539-4895-433D-AF00-6A630BA52A85}"
EndProject
Project("{9A19103F-16F7-4668-BE54-9A1E7A4F7556}") = "NPOMS.API", "Presentation\NPOMS.API\NPOMS.API.csproj", "{E9025579-C3C4-4C73-80D5-3F09E1B83653}"
EndProject
Project("{9A19103F-16F7-4668-BE54-9A1E7A4F7556}") = "NPOMS.Web", "Presentation\NPOMS.Web\NPOMS.Web.csproj", "{BB77FCE4-2424-44EC-BE58-E915F3CF86D3}"
EndProject
Project("{2150E333-8FDC-42A3-9474-1A3956D46DE8}") = "Test", "Test", "{DC355C50-6F05-416F-82B2-1EC286370A56}"
EndProject
Project("{9A19103F-16F7-4668-BE54-9A1E7A4F7556}") = "NPOMS.Test", "Test\NPOMS.Test\NPOMS.Test.csproj", "{473917FD-0A6A-4B4A-96DB-EE6CADA937B4}"
EndProject
Project("{2150E333-8FDC-42A3-9474-1A3956D46DE8}") = "Solution Items", "Solution Items", "{A80CE981-46B3-4EEE-809D-17540135C98F}"
	ProjectSection(SolutionItems) = preProject
		pipeline-main.yml = pipeline-main.yml
	EndProjectSection
EndProject
Global
	GlobalSection(SolutionConfigurationPlatforms) = preSolution
		Debug|Any CPU = Debug|Any CPU
		Debug|x64 = Debug|x64
		Debug|x86 = Debug|x86
		Release|Any CPU = Release|Any CPU
		Release|x64 = Release|x64
		Release|x86 = Release|x86
	EndGlobalSection
	GlobalSection(ProjectConfigurationPlatforms) = postSolution
		{782688BC-C30B-4C2F-9C27-19DDCF519AE9}.Debug|Any CPU.ActiveCfg = Debug|Any CPU
		{782688BC-C30B-4C2F-9C27-19DDCF519AE9}.Debug|Any CPU.Build.0 = Debug|Any CPU
		{782688BC-C30B-4C2F-9C27-19DDCF519AE9}.Debug|x64.ActiveCfg = Debug|Any CPU
		{782688BC-C30B-4C2F-9C27-19DDCF519AE9}.Debug|x64.Build.0 = Debug|Any CPU
		{782688BC-C30B-4C2F-9C27-19DDCF519AE9}.Debug|x86.ActiveCfg = Debug|Any CPU
		{782688BC-C30B-4C2F-9C27-19DDCF519AE9}.Debug|x86.Build.0 = Debug|Any CPU
		{782688BC-C30B-4C2F-9C27-19DDCF519AE9}.Release|Any CPU.ActiveCfg = Release|Any CPU
		{782688BC-C30B-4C2F-9C27-19DDCF519AE9}.Release|Any CPU.Build.0 = Release|Any CPU
		{782688BC-C30B-4C2F-9C27-19DDCF519AE9}.Release|x64.ActiveCfg = Release|Any CPU
		{782688BC-C30B-4C2F-9C27-19DDCF519AE9}.Release|x64.Build.0 = Release|Any CPU
		{782688BC-C30B-4C2F-9C27-19DDCF519AE9}.Release|x86.ActiveCfg = Release|Any CPU
		{782688BC-C30B-4C2F-9C27-19DDCF519AE9}.Release|x86.Build.0 = Release|Any CPU
		{2C938FF6-CFA4-4E0F-8523-86D28636E41E}.Debug|Any CPU.ActiveCfg = Debug|Any CPU
		{2C938FF6-CFA4-4E0F-8523-86D28636E41E}.Debug|Any CPU.Build.0 = Debug|Any CPU
		{2C938FF6-CFA4-4E0F-8523-86D28636E41E}.Debug|x64.ActiveCfg = Debug|Any CPU
		{2C938FF6-CFA4-4E0F-8523-86D28636E41E}.Debug|x64.Build.0 = Debug|Any CPU
		{2C938FF6-CFA4-4E0F-8523-86D28636E41E}.Debug|x86.ActiveCfg = Debug|Any CPU
		{2C938FF6-CFA4-4E0F-8523-86D28636E41E}.Debug|x86.Build.0 = Debug|Any CPU
		{2C938FF6-CFA4-4E0F-8523-86D28636E41E}.Release|Any CPU.ActiveCfg = Release|Any CPU
		{2C938FF6-CFA4-4E0F-8523-86D28636E41E}.Release|Any CPU.Build.0 = Release|Any CPU
		{2C938FF6-CFA4-4E0F-8523-86D28636E41E}.Release|x64.ActiveCfg = Release|Any CPU
		{2C938FF6-CFA4-4E0F-8523-86D28636E41E}.Release|x64.Build.0 = Release|Any CPU
		{2C938FF6-CFA4-4E0F-8523-86D28636E41E}.Release|x86.ActiveCfg = Release|Any CPU
		{2C938FF6-CFA4-4E0F-8523-86D28636E41E}.Release|x86.Build.0 = Release|Any CPU
		{79B90FC5-ADDD-401F-9306-684A4116D1E0}.Debug|Any CPU.ActiveCfg = Debug|Any CPU
		{79B90FC5-ADDD-401F-9306-684A4116D1E0}.Debug|Any CPU.Build.0 = Debug|Any CPU
		{79B90FC5-ADDD-401F-9306-684A4116D1E0}.Debug|x64.ActiveCfg = Debug|Any CPU
		{79B90FC5-ADDD-401F-9306-684A4116D1E0}.Debug|x64.Build.0 = Debug|Any CPU
		{79B90FC5-ADDD-401F-9306-684A4116D1E0}.Debug|x86.ActiveCfg = Debug|Any CPU
		{79B90FC5-ADDD-401F-9306-684A4116D1E0}.Debug|x86.Build.0 = Debug|Any CPU
		{79B90FC5-ADDD-401F-9306-684A4116D1E0}.Release|Any CPU.ActiveCfg = Release|Any CPU
		{79B90FC5-ADDD-401F-9306-684A4116D1E0}.Release|Any CPU.Build.0 = Release|Any CPU
		{79B90FC5-ADDD-401F-9306-684A4116D1E0}.Release|x64.ActiveCfg = Release|Any CPU
		{79B90FC5-ADDD-401F-9306-684A4116D1E0}.Release|x64.Build.0 = Release|Any CPU
		{79B90FC5-ADDD-401F-9306-684A4116D1E0}.Release|x86.ActiveCfg = Release|Any CPU
		{79B90FC5-ADDD-401F-9306-684A4116D1E0}.Release|x86.Build.0 = Release|Any CPU
		{E9025579-C3C4-4C73-80D5-3F09E1B83653}.Debug|Any CPU.ActiveCfg = Debug|Any CPU
		{E9025579-C3C4-4C73-80D5-3F09E1B83653}.Debug|Any CPU.Build.0 = Debug|Any CPU
		{E9025579-C3C4-4C73-80D5-3F09E1B83653}.Debug|x64.ActiveCfg = Debug|Any CPU
		{E9025579-C3C4-4C73-80D5-3F09E1B83653}.Debug|x64.Build.0 = Debug|Any CPU
		{E9025579-C3C4-4C73-80D5-3F09E1B83653}.Debug|x86.ActiveCfg = Debug|Any CPU
		{E9025579-C3C4-4C73-80D5-3F09E1B83653}.Debug|x86.Build.0 = Debug|Any CPU
		{E9025579-C3C4-4C73-80D5-3F09E1B83653}.Release|Any CPU.ActiveCfg = Release|Any CPU
		{E9025579-C3C4-4C73-80D5-3F09E1B83653}.Release|Any CPU.Build.0 = Release|Any CPU
		{E9025579-C3C4-4C73-80D5-3F09E1B83653}.Release|x64.ActiveCfg = Release|Any CPU
		{E9025579-C3C4-4C73-80D5-3F09E1B83653}.Release|x64.Build.0 = Release|Any CPU
		{E9025579-C3C4-4C73-80D5-3F09E1B83653}.Release|x86.ActiveCfg = Release|Any CPU
		{E9025579-C3C4-4C73-80D5-3F09E1B83653}.Release|x86.Build.0 = Release|Any CPU
		{BB77FCE4-2424-44EC-BE58-E915F3CF86D3}.Debug|Any CPU.ActiveCfg = Debug|Any CPU
		{BB77FCE4-2424-44EC-BE58-E915F3CF86D3}.Debug|Any CPU.Build.0 = Debug|Any CPU
		{BB77FCE4-2424-44EC-BE58-E915F3CF86D3}.Debug|x64.ActiveCfg = Debug|Any CPU
		{BB77FCE4-2424-44EC-BE58-E915F3CF86D3}.Debug|x64.Build.0 = Debug|Any CPU
		{BB77FCE4-2424-44EC-BE58-E915F3CF86D3}.Debug|x86.ActiveCfg = Debug|Any CPU
		{BB77FCE4-2424-44EC-BE58-E915F3CF86D3}.Debug|x86.Build.0 = Debug|Any CPU
		{BB77FCE4-2424-44EC-BE58-E915F3CF86D3}.Release|Any CPU.ActiveCfg = Release|Any CPU
		{BB77FCE4-2424-44EC-BE58-E915F3CF86D3}.Release|Any CPU.Build.0 = Release|Any CPU
		{BB77FCE4-2424-44EC-BE58-E915F3CF86D3}.Release|x64.ActiveCfg = Release|Any CPU
		{BB77FCE4-2424-44EC-BE58-E915F3CF86D3}.Release|x64.Build.0 = Release|Any CPU
		{BB77FCE4-2424-44EC-BE58-E915F3CF86D3}.Release|x86.ActiveCfg = Release|Any CPU
		{BB77FCE4-2424-44EC-BE58-E915F3CF86D3}.Release|x86.Build.0 = Release|Any CPU
		{473917FD-0A6A-4B4A-96DB-EE6CADA937B4}.Debug|Any CPU.ActiveCfg = Debug|Any CPU
		{473917FD-0A6A-4B4A-96DB-EE6CADA937B4}.Debug|Any CPU.Build.0 = Debug|Any CPU
		{473917FD-0A6A-4B4A-96DB-EE6CADA937B4}.Debug|x64.ActiveCfg = Debug|Any CPU
		{473917FD-0A6A-4B4A-96DB-EE6CADA937B4}.Debug|x64.Build.0 = Debug|Any CPU
		{473917FD-0A6A-4B4A-96DB-EE6CADA937B4}.Debug|x86.ActiveCfg = Debug|Any CPU
		{473917FD-0A6A-4B4A-96DB-EE6CADA937B4}.Debug|x86.Build.0 = Debug|Any CPU
		{473917FD-0A6A-4B4A-96DB-EE6CADA937B4}.Release|Any CPU.ActiveCfg = Release|Any CPU
		{473917FD-0A6A-4B4A-96DB-EE6CADA937B4}.Release|Any CPU.Build.0 = Release|Any CPU
		{473917FD-0A6A-4B4A-96DB-EE6CADA937B4}.Release|x64.ActiveCfg = Release|Any CPU
		{473917FD-0A6A-4B4A-96DB-EE6CADA937B4}.Release|x64.Build.0 = Release|Any CPU
		{473917FD-0A6A-4B4A-96DB-EE6CADA937B4}.Release|x86.ActiveCfg = Release|Any CPU
		{473917FD-0A6A-4B4A-96DB-EE6CADA937B4}.Release|x86.Build.0 = Release|Any CPU
	EndGlobalSection
	GlobalSection(SolutionProperties) = preSolution
		HideSolutionNode = FALSE
	EndGlobalSection
	GlobalSection(NestedProjects) = preSolution
		{782688BC-C30B-4C2F-9C27-19DDCF519AE9} = {008C381E-C513-4274-B9A3-14925F1AF85A}
		{2C938FF6-CFA4-4E0F-8523-86D28636E41E} = {5255AAB2-7988-49EB-86D5-D075C740950D}
		{79B90FC5-ADDD-401F-9306-684A4116D1E0} = {5255AAB2-7988-49EB-86D5-D075C740950D}
		{E9025579-C3C4-4C73-80D5-3F09E1B83653} = {976FC539-4895-433D-AF00-6A630BA52A85}
		{BB77FCE4-2424-44EC-BE58-E915F3CF86D3} = {976FC539-4895-433D-AF00-6A630BA52A85}
		{473917FD-0A6A-4B4A-96DB-EE6CADA937B4} = {DC355C50-6F05-416F-82B2-1EC286370A56}
	EndGlobalSection
	GlobalSection(ExtensibilityGlobals) = postSolution
		SolutionGuid = {B47ABDE7-8DD8-4381-9E68-35F96F1E9BB0}
	EndGlobalSection
EndGlobal
